
Microsoft Visual Studio Solution File, Format Version 12.00
# Visual Studio 15
VisualStudioVersion = 15.0.28307.779
MinimumVisualStudioVersion = 10.0.40219.1
Project("{FAE04EC0-301F-11D3-BF4B-00C04F79EFBC}") = "WebOcorrencias", "WebOcorrencias\WebOcorrencias.csproj", "{A673D327-27B9-44FD-8AAB-97A5EFB06785}"
EndProject
Global
	GlobalSection(SolutionConfigurationPlatforms) = preSolution
		Debug|Any CPU = Debug|Any CPU
		Release|Any CPU = Release|Any CPU
	EndGlobalSection
	GlobalSection(ProjectConfigurationPlatforms) = postSolution
		{A673D327-27B9-44FD-8AAB-97A5EFB06785}.Debug|Any CPU.ActiveCfg = Debug|Any CPU
		{A673D327-27B9-44FD-8AAB-97A5EFB06785}.Debug|Any CPU.Build.0 = Debug|Any CPU
		{A673D327-27B9-44FD-8AAB-97A5EFB06785}.Release|Any CPU.ActiveCfg = Release|Any CPU
		{A673D327-27B9-44FD-8AAB-97A5EFB06785}.Release|Any CPU.Build.0 = Release|Any CPU
	EndGlobalSection
	GlobalSection(SolutionProperties) = preSolution
		HideSolutionNode = FALSE
	EndGlobalSection
	GlobalSection(ExtensibilityGlobals) = postSolution
		SolutionGuid = {92BB0F0A-59CF-4FC0-812F-F80A0440FB73}
	EndGlobalSection
EndGlobal
